# This file is automatically @generated by Cargo.
# It is not intended for manual editing.
version = 3

[[package]]
name = "day1-sonar-sweep"
version = "0.1.0"

[[package]]
name = "day2-dive"
version = "0.1.0"

[[package]]
name = "day3-binary-diagnostic"
version = "0.1.0"

[[package]]
name = "day4-giant-squid"
version = "0.1.0"

[[package]]
name = "day7-the-treachery-of-whales"
version = "0.1.0"

[[package]]
name = "day8-seven-segment-search"
version = "0.1.0"

[[package]]
name = "day9-smoke-basin"
version = "0.1.0"
